github.com/csstools/normalize.css v12.1.1+incompatible h1:Jx5FpTW/FTguA6IO5T5hC5npzXuEXuSsHjxLHwj1AWI=
github.com/csstools/normalize.css v12.1.1+incompatible/go.mod h1:EUTyYpZAK5L5aQBdWMlSgXOxiHGhOe33o1CoArhAXZk=
github.com/feathericons/feather v4.29.2+incompatible h1:T71K08C6i0/Ke6R7EEKjo+rOfo7EmH10uEkaRv1XPSw=
github.com/feathericons/feather v4.29.2+incompatible/go.mod h1:+F8Ba9cmRHWu0pOVoZtid0iwkNJ8hr959HyPwj3hsRg=
github.com/instantpage/instant.page v5.2.0+incompatible h1:wmz3tNL+iMrcUrCJZ4gfTwG8pab0ouaI5C2vx3lAg2Y=
github.com/instantpage/instant.page v5.2.0+incompatible/go.mod h1:GXVDktwI+K4T9o5mcK2NYDqPFxAUrB9U9goR9oG1SaI=
github.com/mathjax/MathJax v0.0.0-20230708183653-b6922e564070 h1:xaftXTM0tL7AsqTNqH+CzxGZ/U3TgJqi4MciY6N7ayw=
github.com/mathjax/MathJax v0.0.0-20230708183653-b6922e564070/go.mod h1:bgp6XP7Dtl25/x6vVIPVe2mkOCrg8wMk/A9gl0FzJLA=
github.com/nextapps-de/flexsearch v0.0.0-20240501124520-961c3ae84a87 h1:6PNbL0/LxO8Xl8MZSe5uvCidYNpFTz9nlWTqj2qdlzA=
github.com/nextapps-de/flexsearch v0.0.0-20240501124520-961c3ae84a87/go.mod h1:5GdMfPAXzbA2gXBqTjC6l27kioSYzHlqDMh0+wyx7sU=
