github.com/feathericons/feather v4.29.1+incompatible h1:2x3iuUAXwzDQJ3Hawc15IrgRJ3X3fj5jP9MEyyN3rIs=
github.com/feathericons/feather v4.29.1+incompatible/go.mod h1:+F8Ba9cmRHWu0pOVoZtid0iwkNJ8hr959HyPwj3hsRg=
github.com/paulHasselkuss/W210 v0.0.0-20231121070634-bc8710eddabe h1:0ml7vywKI3cKeFEF4ALguyLLJI/QHE4aufcOR2CtE68=
github.com/paulHasselkuss/W210 v0.0.0-20231121070634-bc8710eddabe/go.mod h1:QrKM31c3moMdh9SdfsXerMGjcezbDC+RMMapMi589uQ=
